// !$*UTF8*$!
{
	archiveVersion = 1;
	classes = {
	};
	objectVersion = 56;
	objects = {

/* Begin PBXBuildFile section */
		B1A0461A2BC7160700A613F5 /* ScribdDemoApp.swift in Sources */ = {isa = PBXBuildFile; fileRef = B1A046192BC7160700A613F5 /* ScribdDemoApp.swift */; };
		B1A0461C2BC7160700A613F5 /* ContentView.swift in Sources */ = {isa = PBXBuildFile; fileRef = B1A0461B2BC7160700A613F5 /* ContentView.swift */; };
		B1A0461E2BC7160900A613F5 /* Assets.xcassets in Resources */ = {isa = PBXBuildFile; fileRef = B1A0461D2BC7160900A613F5 /* Assets.xcassets */; };
		B1A046212BC7160900A613F5 /* Preview Assets.xcassets in Resources */ = {isa = PBXBuildFile; fileRef = B1A046202BC7160900A613F5 /* Preview Assets.xcassets */; };
		B1A0462B2BC7160A00A613F5 /* ScribdDemoTests.swift in Sources */ = {isa = PBXBuildFile; fileRef = B1A0462A2BC7160A00A613F5 /* ScribdDemoTests.swift */; };
		B1A046352BC7160A00A613F5 /* ScribdDemoUITests.swift in Sources */ = {isa = PBXBuildFile; fileRef = B1A046342BC7160A00A613F5 /* ScribdDemoUITests.swift */; };
		B1A046372BC7160A00A613F5 /* ScribdDemoUITestsLaunchTests.swift in Sources */ = {isa = PBXBuildFile; fileRef = B1A046362BC7160A00A613F5 /* ScribdDemoUITestsLaunchTests.swift */; };
/* End PBXBuildFile section */

/* Begin PBXContainerItemProxy section */
		B1A046272BC7160A00A613F5 /* PBXContainerItemProxy */ = {
			isa = PBXContainerItemProxy;
			containerPortal = B1A0460E2BC7160700A613F5 /* Project object */;
			proxyType = 1;
			remoteGlobalIDString = B1A046152BC7160700A613F5;
			remoteInfo = ScribdDemo;
		};
		B1A046312BC7160A00A613F5 /* PBXContainerItemProxy */ = {
			isa = PBXContainerItemProxy;
			containerPortal = B1A0460E2BC7160700A613F5 /* Project object */;
			proxyType = 1;
			remoteGlobalIDString = B1A046152BC7160700A613F5;
			remoteInfo = ScribdDemo;
		};
/* End PBXContainerItemProxy section */

/* Begin PBXFileReference section */
		B1A046162BC7160700A613F5 /* ScribdDemo.app */ = {isa = PBXFileReference; explicitFileType = wrapper.application; includeInIndex = 0; path = ScribdDemo.app; sourceTree = BUILT_PRODUCTS_DIR; };
		B1A046192BC7160700A613F5 /* ScribdDemoApp.swift */ = {isa = PBXFileReference; lastKnownFileType = sourcecode.swift; path = ScribdDemoApp.swift; sourceTree = "<group>"; };
		B1A0461B2BC7160700A613F5 /* ContentView.swift */ = {isa = PBXFileReference; lastKnownFileType = sourcecode.swift; path = ContentView.swift; sourceTree = "<group>"; };
		B1A0461D2BC7160900A613F5 /* Assets.xcassets */ = {isa = PBXFileReference; lastKnownFileType = folder.assetcatalog; path = Assets.xcassets; sourceTree = "<group>"; };
		B1A046202BC7160900A613F5 /* Preview Assets.xcassets */ = {isa = PBXFileReference; lastKnownFileType = folder.assetcatalog; path = "Preview Assets.xcassets"; sourceTree = "<group>"; };
		B1A046262BC7160A00A613F5 /* ScribdDemoTests.xctest */ = {isa = PBXFileReference; explicitFileType = wrapper.cfbundle; includeInIndex = 0; path = ScribdDemoTests.xctest; sourceTree = BUILT_PRODUCTS_DIR; };
		B1A0462A2BC7160A00A613F5 /* ScribdDemoTests.swift */ = {isa = PBXFileReference; lastKnownFileType = sourcecode.swift; path = ScribdDemoTests.swift; sourceTree = "<group>"; };
		B1A046302BC7160A00A613F5 /* ScribdDemoUITests.xctest */ = {isa = PBXFileReference; explicitFileType = wrapper.cfbundle; includeInIndex = 0; path = ScribdDemoUITests.xctest; sourceTree = BUILT_PRODUCTS_DIR; };
		B1A046342BC7160A00A613F5 /* ScribdDemoUITests.swift */ = {isa = PBXFileReference; lastKnownFileType = sourcecode.swift; path = ScribdDemoUITests.swift; sourceTree = "<group>"; };
		B1A046362BC7160A00A613F5 /* ScribdDemoUITestsLaunchTests.swift */ = {isa = PBXFileReference; lastKnownFileType = sourcecode.swift; path = ScribdDemoUITestsLaunchTests.swift; sourceTree = "<group>"; };
/* End PBXFileReference section */

/* Begin PBXFrameworksBuildPhase section */
		B1A046132BC7160700A613F5 /* Frameworks */ = {
			isa = PBXFrameworksBuildPhase;
			buildActionMask = 2147483647;
			files = (
			);
			runOnlyForDeploymentPostprocessing = 0;
		};
		B1A046232BC7160A00A613F5 /* Frameworks */ = {
			isa = PBXFrameworksBuildPhase;
			buildActionMask = 2147483647;
			files = (
			);
			runOnlyForDeploymentPostprocessing = 0;
		};
		B1A0462D2BC7160A00A613F5 /* Frameworks */ = {
			isa = PBXFrameworksBuildPhase;
			buildActionMask = 2147483647;
			files = (
			);
			runOnlyForDeploymentPostprocessing = 0;
		};
/* End PBXFrameworksBuildPhase section */

/* Begin PBXGroup section */
		B1A0460D2BC7160700A613F5 = {
			isa = PBXGroup;
			children = (
				B1A046182BC7160700A613F5 /* ScribdDemo */,
				B1A046292BC7160A00A613F5 /* ScribdDemoTests */,
				B1A046332BC7160A00A613F5 /* ScribdDemoUITests */,
				B1A046172BC7160700A613F5 /* Products */,
			);
			sourceTree = "<group>";
		};
		B1A046172BC7160700A613F5 /* Products */ = {
			isa = PBXGroup;
			children = (
				B1A046162BC7160700A613F5 /* ScribdDemo.app */,
				B1A046262BC7160A00A613F5 /* ScribdDemoTests.xctest */,
				B1A046302BC7160A00A613F5 /* ScribdDemoUITests.xctest */,
			);
			name = Products;
			sourceTree = "<group>";
		};
		B1A046182BC7160700A613F5 /* ScribdDemo */ = {
			isa = PBXGroup;
			children = (
				B1A046192BC7160700A613F5 /* ScribdDemoApp.swift */,
				B1A0461B2BC7160700A613F5 /* ContentView.swift */,
				B1A0461D2BC7160900A613F5 /* Assets.xcassets */,
				B1A0461F2BC7160900A613F5 /* Preview Content */,
			);
			path = ScribdDemo;
			sourceTree = "<group>";
		};
		B1A0461F2BC7160900A613F5 /* Preview Content */ = {
			isa = PBXGroup;
			children = (
				B1A046202BC7160900A613F5 /* Preview Assets.xcassets */,
			);
			path = "Preview Content";
			sourceTree = "<group>";
		};
		B1A046292BC7160A00A613F5 /* ScribdDemoTests */ = {
			isa = PBXGroup;
			children = (
				B1A0462A2BC7160A00A613F5 /* ScribdDemoTests.swift */,
			);
			path = ScribdDemoTests;
			sourceTree = "<group>";
		};
		B1A046332BC7160A00A613F5 /* ScribdDemoUITests */ = {
			isa = PBXGroup;
			children = (
				B1A046342BC7160A00A613F5 /* ScribdDemoUITests.swift */,
				B1A046362BC7160A00A613F5 /* ScribdDemoUITestsLaunchTests.swift */,
			);
			path = ScribdDemoUITests;
			sourceTree = "<group>";
		};
/* End PBXGroup section */

/* Begin PBXNativeTarget section */
		B1A046152BC7160700A613F5 /* ScribdDemo */ = {
			isa = PBXNativeTarget;
			buildConfigurationList = B1A0463A2BC7160A00A613F5 /* Build configuration list for PBXNativeTarget "ScribdDemo" */;
			buildPhases = (
				B1A046122BC7160700A613F5 /* Sources */,
				B1A046132BC7160700A613F5 /* Frameworks */,
				B1A046142BC7160700A613F5 /* Resources */,
			);
			buildRules = (
			);
			dependencies = (
			);
			name = ScribdDemo;
			productName = ScribdDemo;
			productReference = B1A046162BC7160700A613F5 /* ScribdDemo.app */;
			productType = "com.apple.product-type.application";
		};
		B1A046252BC7160A00A613F5 /* ScribdDemoTests */ = {
			isa = PBXNativeTarget;
			buildConfigurationList = B1A0463D2BC7160A00A613F5 /* Build configuration list for PBXNativeTarget "ScribdDemoTests" */;
			buildPhases = (
				B1A046222BC7160A00A613F5 /* Sources */,
				B1A046232BC7160A00A613F5 /* Frameworks */,
				B1A046242BC7160A00A613F5 /* Resources */,
			);
			buildRules = (
			);
			dependencies = (
				B1A046282BC7160A00A613F5 /* PBXTargetDependency */,
			);
			name = ScribdDemoTests;
			productName = ScribdDemoTests;
			productReference = B1A046262BC7160A00A613F5 /* ScribdDemoTests.xctest */;
			productType = "com.apple.product-type.bundle.unit-test";
		};
		B1A0462F2BC7160A00A613F5 /* ScribdDemoUITests */ = {
			isa = PBXNativeTarget;
			buildConfigurationList = B1A046402BC7160A00A613F5 /* Build configuration list for PBXNativeTarget "ScribdDemoUITests" */;
			buildPhases = (
				B1A0462C2BC7160A00A613F5 /* Sources */,
				B1A0462D2BC7160A00A613F5 /* Frameworks */,
				B1A0462E2BC7160A00A613F5 /* Resources */,
			);
			buildRules = (
			);
			dependencies = (
				B1A046322BC7160A00A613F5 /* PBXTargetDependency */,
			);
			name = ScribdDemoUITests;
			productName = ScribdDemoUITests;
			productReference = B1A046302BC7160A00A613F5 /* ScribdDemoUITests.xctest */;
			productType = "com.apple.product-type.bundle.ui-testing";
		};
/* End PBXNativeTarget section */

/* Begin PBXProject section */
		B1A0460E2BC7160700A613F5 /* Project object */ = {
			isa = PBXProject;
			attributes = {
				BuildIndependentTargetsInParallel = 1;
				LastSwiftUpdateCheck = 1420;
				LastUpgradeCheck = 1420;
				TargetAttributes = {
					B1A046152BC7160700A613F5 = {
						CreatedOnToolsVersion = 14.2;
					};
					B1A046252BC7160A00A613F5 = {
						CreatedOnToolsVersion = 14.2;
						TestTargetID = B1A046152BC7160700A613F5;
					};
					B1A0462F2BC7160A00A613F5 = {
						CreatedOnToolsVersion = 14.2;
						TestTargetID = B1A046152BC7160700A613F5;
					};
				};
			};
			buildConfigurationList = B1A046112BC7160700A613F5 /* Build configuration list for PBXProject "ScribdDemo" */;
			compatibilityVersion = "Xcode 14.0";
			developmentRegion = en;
			hasScannedForEncodings = 0;
			knownRegions = (
				en,
				Base,
			);
			mainGroup = B1A0460D2BC7160700A613F5;
			productRefGroup = B1A046172BC7160700A613F5 /* Products */;
			projectDirPath = "";
			projectRoot = "";
			targets = (
				B1A046152BC7160700A613F5 /* ScribdDemo */,
				B1A046252BC7160A00A613F5 /* ScribdDemoTests */,
				B1A0462F2BC7160A00A613F5 /* ScribdDemoUITests */,
			);
		};
/* End PBXProject section */

/* Begin PBXResourcesBuildPhase section */
		B1A046142BC7160700A613F5 /* Resources */ = {
			isa = PBXResourcesBuildPhase;
			buildActionMask = 2147483647;
			files = (
				B1A046212BC7160900A613F5 /* Preview Assets.xcassets in Resources */,
				B1A0461E2BC7160900A613F5 /* Assets.xcassets in Resources */,
			);
			runOnlyForDeploymentPostprocessing = 0;
		};
		B1A046242BC7160A00A613F5 /* Resources */ = {
			isa = PBXResourcesBuildPhase;
			buildActionMask = 2147483647;
			files = (
			);
			runOnlyForDeploymentPostprocessing = 0;
		};
		B1A0462E2BC7160A00A613F5 /* Resources */ = {
			isa = PBXResourcesBuildPhase;
			buildActionMask = 2147483647;
			files = (
			);
			runOnlyForDeploymentPostprocessing = 0;
		};
/* End PBXResourcesBuildPhase section */

/* Begin PBXSourcesBuildPhase section */
		B1A046122BC7160700A613F5 /* Sources */ = {
			isa = PBXSourcesBuildPhase;
			buildActionMask = 2147483647;
			files = (
				B1A0461C2BC7160700A613F5 /* ContentView.swift in Sources */,
				B1A0461A2BC7160700A613F5 /* ScribdDemoApp.swift in Sources */,
			);
			runOnlyForDeploymentPostprocessing = 0;
		};
		B1A046222BC7160A00A613F5 /* Sources */ = {
			isa = PBXSourcesBuildPhase;
			buildActionMask = 2147483647;
			files = (
				B1A0462B2BC7160A00A613F5 /* ScribdDemoTests.swift in Sources */,
			);
			runOnlyForDeploymentPostprocessing = 0;
		};
		B1A0462C2BC7160A00A613F5 /* Sources */ = {
			isa = PBXSourcesBuildPhase;
			buildActionMask = 2147483647;
			files = (
				B1A046372BC7160A00A613F5 /* ScribdDemoUITestsLaunchTests.swift in Sources */,
				B1A046352BC7160A00A613F5 /* ScribdDemoUITests.swift in Sources */,
			);
			runOnlyForDeploymentPostprocessing = 0;
		};
/* End PBXSourcesBuildPhase section */

/* Begin PBXTargetDependency section */
		B1A046282BC7160A00A613F5 /* PBXTargetDependency */ = {
			isa = PBXTargetDependency;
			target = B1A046152BC7160700A613F5 /* ScribdDemo */;
			targetProxy = B1A046272BC7160A00A613F5 /* PBXContainerItemProxy */;
		};
		B1A046322BC7160A00A613F5 /* PBXTargetDependency */ = {
			isa = PBXTargetDependency;
			target = B1A046152BC7160700A613F5 /* ScribdDemo */;
			targetProxy = B1A046312BC7160A00A613F5 /* PBXContainerItemProxy */;
		};
/* End PBXTargetDependency section */

/* Begin XCBuildConfiguration section */
		B1A046382BC7160A00A613F5 /* Debug */ = {
			isa = XCBuildConfiguration;
			buildSettings = {
				ALWAYS_SEARCH_USER_PATHS = NO;
				CLANG_ANALYZER_NONNULL = YES;
				CLANG_ANALYZER_NUMBER_OBJECT_CONVERSION = YES_AGGRESSIVE;
				CLANG_CXX_LANGUAGE_STANDARD = "gnu++20";
				CLANG_ENABLE_MODULES = YES;
				CLANG_ENABLE_OBJC_ARC = YES;
				CLANG_ENABLE_OBJC_WEAK = YES;
				CLANG_WARN_BLOCK_CAPTURE_AUTORELEASING = YES;
				CLANG_WARN_BOOL_CONVERSION = YES;
				CLANG_WARN_COMMA = YES;
				CLANG_WARN_CONSTANT_CONVERSION = YES;
				CLANG_WARN_DEPRECATED_OBJC_IMPLEMENTATIONS = YES;
				CLANG_WARN_DIRECT_OBJC_ISA_USAGE = YES_ERROR;
				CLANG_WARN_DOCUMENTATION_COMMENTS = YES;
				CLANG_WARN_EMPTY_BODY = YES;
				CLANG_WARN_ENUM_CONVERSION = YES;
				CLANG_WARN_INFINITE_RECURSION = YES;
				CLANG_WARN_INT_CONVERSION = YES;
				CLANG_WARN_NON_LITERAL_NULL_CONVERSION = YES;
				CLANG_WARN_OBJC_IMPLICIT_RETAIN_SELF = YES;
				CLANG_WARN_OBJC_LITERAL_CONVERSION = YES;
				CLANG_WARN_OBJC_ROOT_CLASS = YES_ERROR;
				CLANG_WARN_QUOTED_INCLUDE_IN_FRAMEWORK_HEADER = YES;
				CLANG_WARN_RANGE_LOOP_ANALYSIS = YES;
				CLANG_WARN_STRICT_PROTOTYPES = YES;
				CLANG_WARN_SUSPICIOUS_MOVE = YES;
				CLANG_WARN_UNGUARDED_AVAILABILITY = YES_AGGRESSIVE;
				CLANG_WARN_UNREACHABLE_CODE = YES;
				CLANG_WARN__DUPLICATE_METHOD_MATCH = YES;
				COPY_PHASE_STRIP = NO;
				DEBUG_INFORMATION_FORMAT = dwarf;
				ENABLE_STRICT_OBJC_MSGSEND = YES;
				ENABLE_TESTABILITY = YES;
				GCC_C_LANGUAGE_STANDARD = gnu11;
				GCC_DYNAMIC_NO_PIC = NO;
				GCC_NO_COMMON_BLOCKS = YES;
				GCC_OPTIMIZATION_LEVEL = 0;
				GCC_PREPROCESSOR_DEFINITIONS = (
					"DEBUG=1",
					"$(inherited)",
				);
				GCC_WARN_64_TO_32_BIT_CONVERSION = YES;
				GCC_WARN_ABOUT_RETURN_TYPE = YES_ERROR;
				GCC_WARN_UNDECLARED_SELECTOR = YES;
				GCC_WARN_UNINITIALIZED_AUTOS = YES_AGGRESSIVE;
				GCC_WARN_UNUSED_FUNCTION = YES;
				GCC_WARN_UNUSED_VARIABLE = YES;
				IPHONEOS_DEPLOYMENT_TARGET = 16.2;
				MTL_ENABLE_DEBUG_INFO = INCLUDE_SOURCE;
				MTL_FAST_MATH = YES;
				ONLY_ACTIVE_ARCH = YES;
				SDKROOT = iphoneos;
				SWIFT_ACTIVE_COMPILATION_CONDITIONS = DEBUG;
				SWIFT_OPTIMIZATION_LEVEL = "-Onone";
			};
			name = Debug;
		};
		B1A046392BC7160A00A613F5 /* Release */ = {
			isa = XCBuildConfiguration;
			buildSettings = {
				ALWAYS_SEARCH_USER_PATHS = NO;
				CLANG_ANALYZER_NONNULL = YES;
				CLANG_ANALYZER_NUMBER_OBJECT_CONVERSION = YES_AGGRESSIVE;
				CLANG_CXX_LANGUAGE_STANDARD = "gnu++20";
				CLANG_ENABLE_MODULES = YES;
				CLANG_ENABLE_OBJC_ARC = YES;
				CLANG_ENABLE_OBJC_WEAK = YES;
				CLANG_WARN_BLOCK_CAPTURE_AUTORELEASING = YES;
				CLANG_WARN_BOOL_CONVERSION = YES;
				CLANG_WARN_COMMA = YES;
				CLANG_WARN_CONSTANT_CONVERSION = YES;
				CLANG_WARN_DEPRECATED_OBJC_IMPLEMENTATIONS = YES;
				CLANG_WARN_DIRECT_OBJC_ISA_USAGE = YES_ERROR;
				CLANG_WARN_DOCUMENTATION_COMMENTS = YES;
				CLANG_WARN_EMPTY_BODY = YES;
				CLANG_WARN_ENUM_CONVERSION = YES;
				CLANG_WARN_INFINITE_RECURSION = YES;
				CLANG_WARN_INT_CONVERSION = YES;
				CLANG_WARN_NON_LITERAL_NULL_CONVERSION = YES;
				CLANG_WARN_OBJC_IMPLICIT_RETAIN_SELF = YES;
				CLANG_WARN_OBJC_LITERAL_CONVERSION = YES;
				CLANG_WARN_OBJC_ROOT_CLASS = YES_ERROR;
				CLANG_WARN_QUOTED_INCLUDE_IN_FRAMEWORK_HEADER = YES;
				CLANG_WARN_RANGE_LOOP_ANALYSIS = YES;
				CLANG_WARN_STRICT_PROTOTYPES = YES;
				CLANG_WARN_SUSPICIOUS_MOVE = YES;
				CLANG_WARN_UNGUARDED_AVAILABILITY = YES_AGGRESSIVE;
				CLANG_WARN_UNREACHABLE_CODE = YES;
				CLANG_WARN__DUPLICATE_METHOD_MATCH = YES;
				COPY_PHASE_STRIP = NO;
				DEBUG_INFORMATION_FORMAT = "dwarf-with-dsym";
				ENABLE_NS_ASSERTIONS = NO;
				ENABLE_STRICT_OBJC_MSGSEND = YES;
				GCC_C_LANGUAGE_STANDARD = gnu11;
				GCC_NO_COMMON_BLOCKS = YES;
				GCC_WARN_64_TO_32_BIT_CONVERSION = YES;
				GCC_WARN_ABOUT_RETURN_TYPE = YES_ERROR;
				GCC_WARN_UNDECLARED_SELECTOR = YES;
				GCC_WARN_UNINITIALIZED_AUTOS = YES_AGGRESSIVE;
				GCC_WARN_UNUSED_FUNCTION = YES;
				GCC_WARN_UNUSED_VARIABLE = YES;
				IPHONEOS_DEPLOYMENT_TARGET = 16.2;
				MTL_ENABLE_DEBUG_INFO = NO;
				MTL_FAST_MATH = YES;
				SDKROOT = iphoneos;
				SWIFT_COMPILATION_MODE = wholemodule;
				SWIFT_OPTIMIZATION_LEVEL = "-O";
				VALIDATE_PRODUCT = YES;
			};
			name = Release;
		};
		B1A0463B2BC7160A00A613F5 /* Debug */ = {
			isa = XCBuildConfiguration;
			buildSettings = {
				ASSETCATALOG_COMPILER_APPICON_NAME = AppIcon;
				ASSETCATALOG_COMPILER_GLOBAL_ACCENT_COLOR_NAME = AccentColor;
				CODE_SIGN_STYLE = Automatic;
				CURRENT_PROJECT_VERSION = 1;
				DEVELOPMENT_ASSET_PATHS = "\"ScribdDemo/Preview Content\"";
				DEVELOPMENT_TEAM = APP496G922;
				ENABLE_PREVIEWS = YES;
				GENERATE_INFOPLIST_FILE = YES;
				INFOPLIST_KEY_UIApplicationSceneManifest_Generation = YES;
				INFOPLIST_KEY_UIApplicationSupportsIndirectInputEvents = YES;
				INFOPLIST_KEY_UILaunchScreen_Generation = YES;
				INFOPLIST_KEY_UISupportedInterfaceOrientations_iPad = "UIInterfaceOrientationPortrait UIInterfaceOrientationPortraitUpsideDown UIInterfaceOrientationLandscapeLeft UIInterfaceOrientationLandscapeRight";
				INFOPLIST_KEY_UISupportedInterfaceOrientations_iPhone = "UIInterfaceOrientationPortrait UIInterfaceOrientationLandscapeLeft UIInterfaceOrientationLandscapeRight";
				LD_RUNPATH_SEARCH_PATHS = (
					"$(inherited)",
					"@executable_path/Frameworks",
				);
				MARKETING_VERSION = 1.0;
				PRODUCT_BUNDLE_IDENTIFIER = CedoniaPeterson.ScribdDemo;
				PRODUCT_NAME = "$(TARGET_NAME)";
				SWIFT_EMIT_LOC_STRINGS = YES;
				SWIFT_VERSION = 5.0;
				TARGETED_DEVICE_FAMILY = "1,2";
			};
			name = Debug;
		};
		B1A0463C2BC7160A00A613F5 /* Release */ = {
			isa = XCBuildConfiguration;
			buildSettings = {
				ASSETCATALOG_COMPILER_APPICON_NAME = AppIcon;
				ASSETCATALOG_COMPILER_GLOBAL_ACCENT_COLOR_NAME = AccentColor;
				CODE_SIGN_STYLE = Automatic;
				CURRENT_PROJECT_VERSION = 1;
				DEVELOPMENT_ASSET_PATHS = "\"ScribdDemo/Preview Content\"";
				DEVELOPMENT_TEAM = APP496G922;
				ENABLE_PREVIEWS = YES;
				GENERATE_INFOPLIST_FILE = YES;
				INFOPLIST_KEY_UIApplicationSceneManifest_Generation = YES;
				INFOPLIST_KEY_UIApplicationSupportsIndirectInputEvents = YES;
				INFOPLIST_KEY_UILaunchScreen_Generation = YES;
				INFOPLIST_KEY_UISupportedInterfaceOrientations_iPad = "UIInterfaceOrientationPortrait UIInterfaceOrientationPortraitUpsideDown UIInterfaceOrientationLandscapeLeft UIInterfaceOrientationLandscapeRight";
				INFOPLIST_KEY_UISupportedInterfaceOrientations_iPhone = "UIInterfaceOrientationPortrait UIInterfaceOrientationLandscapeLeft UIInterfaceOrientationLandscapeRight";
				LD_RUNPATH_SEARCH_PATHS = (
					"$(inherited)",
					"@executable_path/Frameworks",
				);
				MARKETING_VERSION = 1.0;
				PRODUCT_BUNDLE_IDENTIFIER = CedoniaPeterson.ScribdDemo;
				PRODUCT_NAME = "$(TARGET_NAME)";
				SWIFT_EMIT_LOC_STRINGS = YES;
				SWIFT_VERSION = 5.0;
				TARGETED_DEVICE_FAMILY = "1,2";
			};
			name = Release;
		};
		B1A0463E2BC7160A00A613F5 /* Debug */ = {
			isa = XCBuildConfiguration;
			buildSettings = {
				ALWAYS_EMBED_SWIFT_STANDARD_LIBRARIES = YES;
				BUNDLE_LOADER = "$(TEST_HOST)";
				CODE_SIGN_STYLE = Automatic;
				CURRENT_PROJECT_VERSION = 1;
				DEVELOPMENT_TEAM = APP496G922;
				GENERATE_INFOPLIST_FILE = YES;
				IPHONEOS_DEPLOYMENT_TARGET = 16.2;
				MARKETING_VERSION = 1.0;
				PRODUCT_BUNDLE_IDENTIFIER = CedoniaPeterson.ScribdDemoTests;
				PRODUCT_NAME = "$(TARGET_NAME)";
				SWIFT_EMIT_LOC_STRINGS = NO;
				SWIFT_VERSION = 5.0;
				TARGETED_DEVICE_FAMILY = "1,2";
				TEST_HOST = "$(BUILT_PRODUCTS_DIR)/ScribdDemo.app/$(BUNDLE_EXECUTABLE_FOLDER_PATH)/ScribdDemo";
			};
			name = Debug;
		};
		B1A0463F2BC7160A00A613F5 /* Release */ = {
			isa = XCBuildConfiguration;
			buildSettings = {
				ALWAYS_EMBED_SWIFT_STANDARD_LIBRARIES = YES;
				BUNDLE_LOADER = "$(TEST_HOST)";
				CODE_SIGN_STYLE = Automatic;
				CURRENT_PROJECT_VERSION = 1;
				DEVELOPMENT_TEAM = APP496G922;
				GENERATE_INFOPLIST_FILE = YES;
				IPHONEOS_DEPLOYMENT_TARGET = 16.2;
				MARKETING_VERSION = 1.0;
				PRODUCT_BUNDLE_IDENTIFIER = CedoniaPeterson.ScribdDemoTests;
				PRODUCT_NAME = "$(TARGET_NAME)";
				SWIFT_EMIT_LOC_STRINGS = NO;
				SWIFT_VERSION = 5.0;
				TARGETED_DEVICE_FAMILY = "1,2";
				TEST_HOST = "$(BUILT_PRODUCTS_DIR)/ScribdDemo.app/$(BUNDLE_EXECUTABLE_FOLDER_PATH)/ScribdDemo";
			};
			name = Release;
		};
		B1A046412BC7160A00A613F5 /* Debug */ = {
			isa = XCBuildConfiguration;
			buildSettings = {
				ALWAYS_EMBED_SWIFT_STANDARD_LIBRARIES = YES;
				CODE_SIGN_STYLE = Automatic;
				CURRENT_PROJECT_VERSION = 1;
				DEVELOPMENT_TEAM = APP496G922;
				GENERATE_INFOPLIST_FILE = YES;
				MARKETING_VERSION = 1.0;
				PRODUCT_BUNDLE_IDENTIFIER = CedoniaPeterson.ScribdDemoUITests;
				PRODUCT_NAME = "$(TARGET_NAME)";
				SWIFT_EMIT_LOC_STRINGS = NO;
				SWIFT_VERSION = 5.0;
				TARGETED_DEVICE_FAMILY = "1,2";
				TEST_TARGET_NAME = ScribdDemo;
			};
			name = Debug;
		};
		B1A046422BC7160A00A613F5 /* Release */ = {
			isa = XCBuildConfiguration;
			buildSettings = {
				ALWAYS_EMBED_SWIFT_STANDARD_LIBRARIES = YES;
				CODE_SIGN_STYLE = Automatic;
				CURRENT_PROJECT_VERSION = 1;
				DEVELOPMENT_TEAM = APP496G922;
				GENERATE_INFOPLIST_FILE = YES;
				MARKETING_VERSION = 1.0;
				PRODUCT_BUNDLE_IDENTIFIER = CedoniaPeterson.ScribdDemoUITests;
				PRODUCT_NAME = "$(TARGET_NAME)";
				SWIFT_EMIT_LOC_STRINGS = NO;
				SWIFT_VERSION = 5.0;
				TARGETED_DEVICE_FAMILY = "1,2";
				TEST_TARGET_NAME = ScribdDemo;
			};
			name = Release;
		};
/* End XCBuildConfiguration section */

/* Begin XCConfigurationList section */
		B1A046112BC7160700A613F5 /* Build configuration list for PBXProject "ScribdDemo" */ = {
			isa = XCConfigurationList;
			buildConfigurations = (
				B1A046382BC7160A00A613F5 /* Debug */,
				B1A046392BC7160A00A613F5 /* Release */,
			);
			defaultConfigurationIsVisible = 0;
			defaultConfigurationName = Release;
		};
		B1A0463A2BC7160A00A613F5 /* Build configuration list for PBXNativeTarget "ScribdDemo" */ = {
			isa = XCConfigurationList;
			buildConfigurations = (
				B1A0463B2BC7160A00A613F5 /* Debug */,
				B1A0463C2BC7160A00A613F5 /* Release */,
			);
			defaultConfigurationIsVisible = 0;
			defaultConfigurationName = Release;
		};
		B1A0463D2BC7160A00A613F5 /* Build configuration list for PBXNativeTarget "ScribdDemoTests" */ = {
			isa = XCConfigurationList;
			buildConfigurations = (
				B1A0463E2BC7160A00A613F5 /* Debug */,
				B1A0463F2BC7160A00A613F5 /* Release */,
			);
			defaultConfigurationIsVisible = 0;
			defaultConfigurationName = Release;
		};
		B1A046402BC7160A00A613F5 /* Build configuration list for PBXNativeTarget "ScribdDemoUITests" */ = {
			isa = XCConfigurationList;
			buildConfigurations = (
				B1A046412BC7160A00A613F5 /* Debug */,
				B1A046422BC7160A00A613F5 /* Release */,
			);
			defaultConfigurationIsVisible = 0;
			defaultConfigurationName = Release;
		};
/* End XCConfigurationList section */
	};
	rootObject = B1A0460E2BC7160700A613F5 /* Project object */;
}
